
Microsoft Visual Studio Solution File, Format Version 12.00
# Visual Studio Version 16
VisualStudioVersion = 16.0.30717.126
MinimumVisualStudioVersion = 10.0.40219.1
Project("{FAE04EC0-301F-11D3-BF4B-00C04F79EFBC}") = "LabsCompilator", "LabsCompilator\LabsCompilator.csproj", "{E20977C5-E57C-4E42-A737-43F1F3DDF5B3}"
EndProject
Global
	GlobalSection(SolutionConfigurationPlatforms) = preSolution
		Debug|Any CPU = Debug|Any CPU
		Release|Any CPU = Release|Any CPU
	EndGlobalSection
	GlobalSection(ProjectConfigurationPlatforms) = postSolution
		{E20977C5-E57C-4E42-A737-43F1F3DDF5B3}.Debug|Any CPU.ActiveCfg = Debug|Any CPU
		{E20977C5-E57C-4E42-A737-43F1F3DDF5B3}.Debug|Any CPU.Build.0 = Debug|Any CPU
		{E20977C5-E57C-4E42-A737-43F1F3DDF5B3}.Release|Any CPU.ActiveCfg = Release|Any CPU
		{E20977C5-E57C-4E42-A737-43F1F3DDF5B3}.Release|Any CPU.Build.0 = Release|Any CPU
	EndGlobalSection
	GlobalSection(SolutionProperties) = preSolution
		HideSolutionNode = FALSE
	EndGlobalSection
	GlobalSection(ExtensibilityGlobals) = postSolution
		SolutionGuid = {AFE4FB4E-B6EE-448F-8208-C0129D3FF7C7}
	EndGlobalSection
EndGlobal
